{
    "format_version": "1.0",
    "provider_schemas": {
        "registry.terraform.io/ncecere/litellm": {
            "provider": {
                "version": 0,
                "block": {
                    "attributes": {
                        "api_base": {
                            "type": "string",
                            "description": "The base URL of the LiteLLM API",
                            "description_kind": "plain",
                            "required": true
                        },
                        "api_key": {
                            "type": "string",
                            "description": "The API key for authenticating with LiteLLM",
                            "description_kind": "plain",
                            "required": true,
                            "sensitive": true
                        }
                    },
                    "description_kind": "plain"
                }
            },
            "resource_schemas": {
                "litellm_credential": {
                    "version": 0,
                    "block": {
                        "attributes": {
                            "credential_info": {
                                "type": [
                                    "map",
                                    "string"
                                ],
                                "description": "Additional information about the credential",
                                "description_kind": "plain",
                                "optional": true
                            },
                            "credential_name": {
                                "type": "string",
                                "description": "Name of the credential",
                                "description_kind": "plain",
                                "required": true
                            },
                            "credential_values": {
                                "type": [
                                    "map",
                                    "string"
                                ],
                                "description": "Sensitive credential values (API keys, tokens, etc.)",
                                "description_kind": "plain",
                                "required": true,
                                "sensitive": true
                            },
                            "id": {
                                "type": "string",
                                "description_kind": "plain",
                                "optional": true,
                                "computed": true
                            },
                            "model_id": {
                                "type": "string",
                                "description": "Model ID associated with this credential",
                                "description_kind": "plain",
                                "optional": true
                            }
                        },
                        "description_kind": "plain"
                    }
                },
                "litellm_key": {
                    "version": 0,
                    "block": {
                        "attributes": {
                            "aliases": {
                                "type": [
                                    "map",
                                    "string"
                                ],
                                "description_kind": "plain",
                                "optional": true
                            },
                            "allowed_cache_controls": {
                                "type": [
                                    "list",
                                    "string"
                                ],
                                "description_kind": "plain",
                                "optional": true
                            },
                            "allowed_passthrough_routes": {
                                "type": [
                                    "list",
                                    "string"
                                ],
                                "description_kind": "plain",
                                "optional": true
                            },
                            "allowed_routes": {
                                "type": [
                                    "list",
                                    "string"
                                ],
                                "description_kind": "plain",
                                "optional": true
                            },
                            "blocked": {
                                "type": "bool",
                                "description_kind": "plain",
                                "optional": true
                            },
                            "budget_duration": {
                                "type": "string",
                                "description_kind": "plain",
                                "optional": true
                            },
                            "config": {
                                "type": [
                                    "map",
                                    "string"
                                ],
                                "description_kind": "plain",
                                "optional": true
                            },
                            "duration": {
                                "type": "string",
                                "description_kind": "plain",
                                "optional": true
                            },
                            "guardrails": {
                                "type": [
                                    "list",
                                    "string"
                                ],
                                "description_kind": "plain",
                                "optional": true
                            },
                            "id": {
                                "type": "string",
                                "description_kind": "plain",
                                "optional": true,
                                "computed": true
                            },
                            "key": {
                                "type": "string",
                                "description_kind": "plain",
                                "computed": true
                            },
                            "key_alias": {
                                "type": "string",
                                "description_kind": "plain",
                                "optional": true
                            },
                            "max_budget": {
                                "type": "number",
                                "description_kind": "plain",
                                "optional": true,
                                "computed": true
                            },
                            "max_parallel_requests": {
                                "type": "number",
                                "description_kind": "plain",
                                "optional": true,
                                "computed": true
                            },
                            "metadata": {
                                "type": [
                                    "map",
                                    "string"
                                ],
                                "description_kind": "plain",
                                "optional": true
                            },
                            "model_max_budget": {
                                "type": [
                                    "map",
                                    "number"
                                ],
                                "description_kind": "plain",
                                "optional": true
                            },
                            "model_rpm_limit": {
                                "type": [
                                    "map",
                                    "number"
                                ],
                                "description_kind": "plain",
                                "optional": true
                            },
                            "model_tpm_limit": {
                                "type": [
                                    "map",
                                    "number"
                                ],
                                "description_kind": "plain",
                                "optional": true
                            },
                            "models": {
                                "type": [
                                    "list",
                                    "string"
                                ],
                                "description_kind": "plain",
                                "optional": true
                            },
                            "permissions": {
                                "type": [
                                    "map",
                                    "string"
                                ],
                                "description_kind": "plain",
                                "optional": true
                            },
                            "rpm_limit": {
                                "type": "number",
                                "description_kind": "plain",
                                "optional": true,
                                "computed": true
                            },
                            "service_account_id": {
                                "type": "string",
                                "description": "Create a team-owned service account key using this identifier",
                                "description_kind": "plain",
                                "optional": true
                            },
                            "soft_budget": {
                                "type": "number",
                                "description_kind": "plain",
                                "optional": true,
                                "computed": true
                            },
                            "spend": {
                                "type": "number",
                                "description_kind": "plain",
                                "computed": true
                            },
                            "tags": {
                                "type": [
                                    "list",
                                    "string"
                                ],
                                "description_kind": "plain",
                                "optional": true
                            },
                            "team_id": {
                                "type": "string",
                                "description_kind": "plain",
                                "optional": true
                            },
                            "tpm_limit": {
                                "type": "number",
                                "description_kind": "plain",
                                "optional": true,
                                "computed": true
                            },
                            "user_id": {
                                "type": "string",
                                "description_kind": "plain",
                                "optional": true
                            }
                        },
                        "description_kind": "plain"
                    }
                },
                "litellm_mcp_server": {
                    "version": 0,
                    "block": {
                        "attributes": {
                            "alias": {
                                "type": "string",
                                "description": "Alias for the MCP server",
                                "description_kind": "plain",
                                "optional": true
                            },
                            "args": {
                                "type": [
                                    "list",
                                    "string"
                                ],
                                "description": "Arguments for the command (stdio transport)",
                                "description_kind": "plain",
                                "optional": true
                            },
                            "auth_type": {
                                "type": "string",
                                "description": "Authentication type (none, bearer, basic)",
                                "description_kind": "plain",
                                "optional": true
                            },
                            "command": {
                                "type": "string",
                                "description": "Command to run for stdio transport",
                                "description_kind": "plain",
                                "optional": true
                            },
                            "created_at": {
                                "type": "string",
                                "description": "Timestamp when the server was created",
                                "description_kind": "plain",
                                "computed": true
                            },
                            "created_by": {
                                "type": "string",
                                "description": "User who created the server",
                                "description_kind": "plain",
                                "computed": true
                            },
                            "description": {
                                "type": "string",
                                "description": "Description of the MCP server",
                                "description_kind": "plain",
                                "optional": true
                            },
                            "env": {
                                "type": [
                                    "map",
                                    "string"
                                ],
                                "description": "Environment variables for the command (stdio transport)",
                                "description_kind": "plain",
                                "optional": true
                            },
                            "health_check_error": {
                                "type": "string",
                                "description": "Error message from the last health check, if any",
                                "description_kind": "plain",
                                "computed": true
                            },
                            "id": {
                                "type": "string",
                                "description_kind": "plain",
                                "optional": true,
                                "computed": true
                            },
                            "last_health_check": {
                                "type": "string",
                                "description": "Timestamp of the last health check",
                                "description_kind": "plain",
                                "computed": true
                            },
                            "mcp_access_groups": {
                                "type": [
                                    "list",
                                    "string"
                                ],
                                "description": "List of access groups for the MCP server",
                                "description_kind": "plain",
                                "optional": true
                            },
                            "server_id": {
                                "type": "string",
                                "description": "Unique identifier for the MCP server",
                                "description_kind": "plain",
                                "computed": true
                            },
                            "server_name": {
                                "type": "string",
                                "description": "Name of the MCP server",
                                "description_kind": "plain",
                                "required": true
                            },
                            "spec_version": {
                                "type": "string",
                                "description": "MCP specification version",
                                "description_kind": "plain",
                                "optional": true
                            },
                            "status": {
                                "type": "string",
                                "description": "Current status of the MCP server",
                                "description_kind": "plain",
                                "computed": true
                            },
                            "transport": {
                                "type": "string",
                                "description": "Transport type for the MCP server (http, sse, stdio)",
                                "description_kind": "plain",
                                "required": true
                            },
                            "updated_at": {
                                "type": "string",
                                "description": "Timestamp when the server was last updated",
                                "description_kind": "plain",
                                "computed": true
                            },
                            "updated_by": {
                                "type": "string",
                                "description": "User who last updated the server",
                                "description_kind": "plain",
                                "computed": true
                            },
                            "url": {
                                "type": "string",
                                "description": "URL of the MCP server",
                                "description_kind": "plain",
                                "required": true
                            }
                        },
                        "block_types": {
                            "mcp_info": {
                                "nesting_mode": "list",
                                "block": {
                                    "attributes": {
                                        "description": {
                                            "type": "string",
                                            "description": "Description in MCP info",
                                            "description_kind": "plain",
                                            "optional": true
                                        },
                                        "logo_url": {
                                            "type": "string",
                                            "description": "Logo URL for the MCP server",
                                            "description_kind": "plain",
                                            "optional": true
                                        },
                                        "server_name": {
                                            "type": "string",
                                            "description": "Server name in MCP info",
                                            "description_kind": "plain",
                                            "optional": true
                                        }
                                    },
                                    "block_types": {
                                        "mcp_server_cost_info": {
                                            "nesting_mode": "list",
                                            "block": {
                                                "attributes": {
                                                    "default_cost_per_query": {
                                                        "type": "number",
                                                        "description": "Default cost per query",
                                                        "description_kind": "plain",
                                                        "optional": true
                                                    },
                                                    "tool_name_to_cost_per_query": {
                                                        "type": [
                                                            "map",
                                                            "number"
                                                        ],
                                                        "description": "Map of tool names to their cost per query",
                                                        "description_kind": "plain",
                                                        "optional": true
                                                    }
                                                },
                                                "description": "Cost information for MCP server tools",
                                                "description_kind": "plain"
                                            },
                                            "max_items": 1
                                        }
                                    },
                                    "description": "MCP server information and configuration",
                                    "description_kind": "plain"
                                },
                                "max_items": 1
                            }
                        },
                        "description_kind": "plain"
                    }
                },
                "litellm_model": {
                    "version": 0,
                    "block": {
                        "attributes": {
                            "additional_litellm_params": {
                                "type": [
                                    "map",
                                    "string"
                                ],
                                "description": "Additional parameters to pass to litellm_params beyond the standard ones",
                                "description_kind": "plain",
                                "optional": true
                            },
                            "api_version": {
                                "type": "string",
                                "description_kind": "plain",
                                "optional": true
                            },
                            "aws_access_key_id": {
                                "type": "string",
                                "description_kind": "plain",
                                "optional": true,
                                "sensitive": true
                            },
                            "aws_region_name": {
                                "type": "string",
                                "description_kind": "plain",
                                "optional": true
                            },
                            "aws_role_name": {
                                "type": "string",
                                "description_kind": "plain",
                                "optional": true,
                                "sensitive": true
                            },
                            "aws_secret_access_key": {
                                "type": "string",
                                "description_kind": "plain",
                                "optional": true,
                                "sensitive": true
                            },
                            "aws_session_name": {
                                "type": "string",
                                "description_kind": "plain",
                                "optional": true,
                                "sensitive": true
                            },
                            "base_model": {
                                "type": "string",
                                "description_kind": "plain",
                                "required": true
                            },
                            "custom_llm_provider": {
                                "type": "string",
                                "description_kind": "plain",
                                "required": true
                            },
                            "id": {
                                "type": "string",
                                "description_kind": "plain",
                                "optional": true,
                                "computed": true
                            },
                            "input_cost_per_million_tokens": {
                                "type": "number",
                                "description_kind": "plain",
                                "optional": true
                            },
                            "input_cost_per_pixel": {
                                "type": "number",
                                "description_kind": "plain",
                                "optional": true
                            },
                            "input_cost_per_second": {
                                "type": "number",
                                "description_kind": "plain",
                                "optional": true
                            },
                            "merge_reasoning_content_in_choices": {
                                "type": "bool",
                                "description_kind": "plain",
                                "optional": true
                            },
                            "mode": {
                                "type": "string",
                                "description_kind": "plain",
                                "optional": true
                            },
                            "model_api_base": {
                                "type": "string",
                                "description_kind": "plain",
                                "optional": true
                            },
                            "model_api_key": {
                                "type": "string",
                                "description_kind": "plain",
                                "optional": true,
                                "sensitive": true
                            },
                            "model_name": {
                                "type": "string",
                                "description_kind": "plain",
                                "required": true
                            },
                            "output_cost_per_million_tokens": {
                                "type": "number",
                                "description_kind": "plain",
                                "optional": true
                            },
                            "output_cost_per_pixel": {
                                "type": "number",
                                "description_kind": "plain",
                                "optional": true
                            },
                            "output_cost_per_second": {
                                "type": "number",
                                "description_kind": "plain",
                                "optional": true
                            },
                            "reasoning_effort": {
                                "type": "string",
                                "description_kind": "plain",
                                "optional": true
                            },
                            "rpm": {
                                "type": "number",
                                "description_kind": "plain",
                                "optional": true
                            },
                            "team_id": {
                                "type": "string",
                                "description_kind": "plain",
                                "optional": true
                            },
                            "thinking_budget_tokens": {
                                "type": "number",
                                "description_kind": "plain",
                                "optional": true
                            },
                            "thinking_enabled": {
                                "type": "bool",
                                "description_kind": "plain",
                                "optional": true
                            },
                            "tier": {
                                "type": "string",
                                "description_kind": "plain",
                                "optional": true
                            },
                            "tpm": {
                                "type": "number",
                                "description_kind": "plain",
                                "optional": true
                            },
                            "vertex_credentials": {
                                "type": "string",
                                "description_kind": "plain",
                                "optional": true
                            },
                            "vertex_location": {
                                "type": "string",
                                "description_kind": "plain",
                                "optional": true,
                                "sensitive": true
                            },
                            "vertex_project": {
                                "type": "string",
                                "description_kind": "plain",
                                "optional": true,
                                "sensitive": true
                            }
                        },
                        "description_kind": "plain"
                    }
                },
                "litellm_team": {
                    "version": 0,
                    "block": {
                        "attributes": {
                            "blocked": {
                                "type": "bool",
                                "description_kind": "plain",
                                "optional": true
                            },
                            "budget_duration": {
                                "type": "string",
                                "description_kind": "plain",
                                "optional": true
                            },
                            "id": {
                                "type": "string",
                                "description_kind": "plain",
                                "optional": true,
                                "computed": true
                            },
                            "max_budget": {
                                "type": "number",
                                "description_kind": "plain",
                                "optional": true
                            },
                            "metadata": {
                                "type": [
                                    "map",
                                    "string"
                                ],
                                "description": "Arbitrary metadata; supports nested maps and lists.",
                                "description_kind": "plain",
                                "optional": true
                            },
                            "models": {
                                "type": [
                                    "list",
                                    "string"
                                ],
                                "description_kind": "plain",
                                "optional": true
                            },
                            "organization_id": {
                                "type": "string",
                                "description_kind": "plain",
                                "optional": true
                            },
                            "rpm_limit": {
                                "type": "number",
                                "description_kind": "plain",
                                "optional": true
                            },
                            "team_alias": {
                                "type": "string",
                                "description_kind": "plain",
                                "required": true
                            },
                            "team_member_permissions": {
                                "type": [
                                    "list",
                                    "string"
                                ],
                                "description": "List of permissions granted to team members",
                                "description_kind": "plain",
                                "optional": true
                            },
                            "tpm_limit": {
                                "type": "number",
                                "description_kind": "plain",
                                "optional": true
                            }
                        },
                        "description_kind": "plain"
                    }
                },
                "litellm_team_member": {
                    "version": 0,
                    "block": {
                        "attributes": {
                            "id": {
                                "type": "string",
                                "description_kind": "plain",
                                "optional": true,
                                "computed": true
                            },
                            "max_budget_in_team": {
                                "type": "number",
                                "description_kind": "plain",
                                "optional": true
                            },
                            "role": {
                                "type": "string",
                                "description_kind": "plain",
                                "required": true
                            },
                            "team_id": {
                                "type": "string",
                                "description_kind": "plain",
                                "required": true
                            },
                            "user_email": {
                                "type": "string",
                                "description_kind": "plain",
                                "required": true
                            },
                            "user_id": {
                                "type": "string",
                                "description_kind": "plain",
                                "required": true
                            }
                        },
                        "description_kind": "plain"
                    }
                },
                "litellm_team_member_add": {
                    "version": 0,
                    "block": {
                        "attributes": {
                            "id": {
                                "type": "string",
                                "description_kind": "plain",
                                "optional": true,
                                "computed": true
                            },
                            "max_budget_in_team": {
                                "type": "number",
                                "description_kind": "plain",
                                "optional": true
                            },
                            "team_id": {
                                "type": "string",
                                "description_kind": "plain",
                                "required": true
                            }
                        },
                        "block_types": {
                            "member": {
                                "nesting_mode": "set",
                                "block": {
                                    "attributes": {
                                        "role": {
                                            "type": "string",
                                            "description_kind": "plain",
                                            "required": true
                                        },
                                        "user_email": {
                                            "type": "string",
                                            "description_kind": "plain",
                                            "optional": true
                                        },
                                        "user_id": {
                                            "type": "string",
                                            "description_kind": "plain",
                                            "optional": true
                                        }
                                    },
                                    "description_kind": "plain"
                                },
                                "min_items": 1
                            }
                        },
                        "description_kind": "plain"
                    }
                },
                "litellm_vector_store": {
                    "version": 0,
                    "block": {
                        "attributes": {
                            "created_at": {
                                "type": "string",
                                "description": "Timestamp when the vector store was created",
                                "description_kind": "plain",
                                "computed": true
                            },
                            "custom_llm_provider": {
                                "type": "string",
                                "description": "Custom LLM provider for the vector store",
                                "description_kind": "plain",
                                "required": true
                            },
                            "id": {
                                "type": "string",
                                "description_kind": "plain",
                                "optional": true,
                                "computed": true
                            },
                            "litellm_credential_name": {
                                "type": "string",
                                "description": "Name of the LiteLLM credential to use",
                                "description_kind": "plain",
                                "optional": true
                            },
                            "litellm_params": {
                                "type": [
                                    "map",
                                    "string"
                                ],
                                "description": "Additional LiteLLM parameters",
                                "description_kind": "plain",
                                "optional": true
                            },
                            "updated_at": {
                                "type": "string",
                                "description": "Timestamp when the vector store was last updated",
                                "description_kind": "plain",
                                "computed": true
                            },
                            "vector_store_description": {
                                "type": "string",
                                "description": "Description of the vector store",
                                "description_kind": "plain",
                                "optional": true
                            },
                            "vector_store_id": {
                                "type": "string",
                                "description": "Unique identifier for the vector store",
                                "description_kind": "plain",
                                "computed": true
                            },
                            "vector_store_metadata": {
                                "type": [
                                    "map",
                                    "string"
                                ],
                                "description": "Metadata associated with the vector store",
                                "description_kind": "plain",
                                "optional": true
                            },
                            "vector_store_name": {
                                "type": "string",
                                "description": "Name of the vector store",
                                "description_kind": "plain",
                                "required": true
                            }
                        },
                        "description_kind": "plain"
                    }
                }
            },
            "data_source_schemas": {
                "litellm_credential": {
                    "version": 0,
                    "block": {
                        "attributes": {
                            "credential_info": {
                                "type": [
                                    "map",
                                    "string"
                                ],
                                "description": "Additional information about the credential",
                                "description_kind": "plain",
                                "computed": true
                            },
                            "credential_name": {
                                "type": "string",
                                "description": "Name of the credential to retrieve",
                                "description_kind": "plain",
                                "required": true
                            },
                            "id": {
                                "type": "string",
                                "description_kind": "plain",
                                "optional": true,
                                "computed": true
                            },
                            "model_id": {
                                "type": "string",
                                "description": "Model ID associated with this credential",
                                "description_kind": "plain",
                                "optional": true
                            }
                        },
                        "description_kind": "plain"
                    }
                },
                "litellm_vector_store": {
                    "version": 0,
                    "block": {
                        "attributes": {
                            "created_at": {
                                "type": "string",
                                "description": "Timestamp when the vector store was created",
                                "description_kind": "plain",
                                "computed": true
                            },
                            "custom_llm_provider": {
                                "type": "string",
                                "description": "Custom LLM provider for the vector store",
                                "description_kind": "plain",
                                "computed": true
                            },
                            "id": {
                                "type": "string",
                                "description_kind": "plain",
                                "optional": true,
                                "computed": true
                            },
                            "litellm_credential_name": {
                                "type": "string",
                                "description": "Name of the LiteLLM credential used",
                                "description_kind": "plain",
                                "computed": true
                            },
                            "litellm_params": {
                                "type": [
                                    "map",
                                    "string"
                                ],
                                "description": "Additional LiteLLM parameters",
                                "description_kind": "plain",
                                "computed": true
                            },
                            "updated_at": {
                                "type": "string",
                                "description": "Timestamp when the vector store was last updated",
                                "description_kind": "plain",
                                "computed": true
                            },
                            "vector_store_description": {
                                "type": "string",
                                "description": "Description of the vector store",
                                "description_kind": "plain",
                                "computed": true
                            },
                            "vector_store_id": {
                                "type": "string",
                                "description": "Unique identifier for the vector store to retrieve",
                                "description_kind": "plain",
                                "required": true
                            },
                            "vector_store_metadata": {
                                "type": [
                                    "map",
                                    "string"
                                ],
                                "description": "Metadata associated with the vector store",
                                "description_kind": "plain",
                                "computed": true
                            },
                            "vector_store_name": {
                                "type": "string",
                                "description": "Name of the vector store",
                                "description_kind": "plain",
                                "computed": true
                            }
                        },
                        "description_kind": "plain"
                    }
                }
            }
        }
    }
}