{"format_version":"1.0","provider_schemas":{"registry.terraform.io/ncecere/litellm":{"provider":{"version":0,"block":{"attributes":{"api_base":{"type":"string","description":"The base URL of the LiteLLM API. Can also be set via the LITELLM_API_BASE environment variable.","description_kind":"plain","optional":true},"api_key":{"type":"string","description":"The API key for authenticating with LiteLLM. Can also be set via the LITELLM_API_KEY environment variable.","description_kind":"plain","optional":true,"sensitive":true},"insecure_skip_verify":{"type":"bool","description":"Skip TLS certificate verification. Defaults to false.","description_kind":"plain","optional":true},"litellm_changed_by":{"type":"string","description":"Value for the litellm-changed-by header to track actions performed by authorized users.","description_kind":"plain","optional":true}},"description":"Terraform provider for managing LiteLLM resources.","description_kind":"plain"}},"resource_schemas":{"litellm_access_group":{"version":0,"block":{"attributes":{"access_group":{"type":"string","description":"The name of the access group.","description_kind":"plain","required":true},"id":{"type":"string","description":"The unique identifier for this access group (same as access_group name).","description_kind":"plain","computed":true},"model_names":{"type":["list","string"],"description":"List of model names (model_name from litellm_model) to include in this access group.","description_kind":"plain","required":true},"models_updated":{"type":"number","description":"Number of model deployments updated when the access group was created/updated.","description_kind":"plain","computed":true}},"description":"Manages a LiteLLM access group. Access groups allow you to group models together for access control on keys and teams.","description_kind":"plain"}},"litellm_budget":{"version":0,"block":{"attributes":{"budget_duration":{"type":"string","description":"Duration for budget reset (e.g., '1hr', '1d', '28d', '1mo').","description_kind":"plain","optional":true},"budget_id":{"type":"string","description":"The unique budget ID. If not specified, one will be generated.","description_kind":"plain","optional":true,"computed":true},"budget_reset_at":{"type":"string","description":"Datetime when the budget is reset (computed).","description_kind":"plain","computed":true},"id":{"type":"string","description":"The unique identifier for this budget (same as budget_id).","description_kind":"plain","computed":true},"max_budget":{"type":"number","description":"Max budget in USD. Requests will fail if this budget is exceeded.","description_kind":"plain","optional":true},"max_parallel_requests":{"type":"number","description":"Max concurrent requests allowed for this budget.","description_kind":"plain","optional":true},"model_max_budget":{"type":"string","description":"JSON string for per-model budget configuration (e.g., '{\"gpt-4o\": {\"max_budget\": 0.01, \"budget_duration\": \"1d\"}}').","description_kind":"plain","optional":true},"rpm_limit":{"type":"number","description":"Max requests per minute allowed for this budget.","description_kind":"plain","optional":true},"soft_budget":{"type":"number","description":"Soft budget in USD. Requests will NOT fail if exceeded, but will fire alerting.","description_kind":"plain","optional":true},"tpm_limit":{"type":"number","description":"Max tokens per minute allowed for this budget.","description_kind":"plain","optional":true}},"description":"Manages a LiteLLM budget. Budgets can be used to control spending limits for keys, teams, and organizations.","description_kind":"plain"}},"litellm_credential":{"version":0,"block":{"attributes":{"credential_info":{"type":["map","string"],"description":"Additional information about the credential.","description_kind":"plain","optional":true,"computed":true},"credential_name":{"type":"string","description":"Name of the credential.","description_kind":"plain","required":true},"credential_values":{"type":["map","string"],"description":"Sensitive credential values (API keys, tokens, etc.).","description_kind":"plain","required":true,"sensitive":true},"id":{"type":"string","description":"The unique identifier for this credential (same as credential_name).","description_kind":"plain","computed":true},"model_id":{"type":"string","description":"Model ID associated with this credential.","description_kind":"plain","optional":true}},"description":"Manages a LiteLLM credential.","description_kind":"plain"}},"litellm_guardrail":{"version":0,"block":{"attributes":{"created_at":{"type":"string","description":"Timestamp when the guardrail was created.","description_kind":"plain","computed":true},"default_on":{"type":"bool","description":"Whether the guardrail is enabled by default for all requests.","description_kind":"plain","optional":true},"guardrail":{"type":"string","description":"The guardrail integration type (e.g., 'aporia', 'bedrock', 'lakera', 'presidio', 'openai_moderation', 'hide_secrets').","description_kind":"plain","required":true},"guardrail_id":{"type":"string","description":"The unique guardrail ID. Generated if not specified.","description_kind":"plain","optional":true,"computed":true},"guardrail_info":{"type":"string","description":"JSON string containing additional metadata for the guardrail.","description_kind":"plain","optional":true},"guardrail_name":{"type":"string","description":"Human-readable name for the guardrail.","description_kind":"plain","required":true},"id":{"type":"string","description":"The unique identifier for this guardrail (same as guardrail_id).","description_kind":"plain","computed":true},"litellm_params":{"type":"string","description":"JSON string containing additional provider-specific parameters for the guardrail.","description_kind":"plain","optional":true},"mode":{"type":"string","description":"When to apply the guardrail. Can be a single value or JSON array (e.g., 'pre_call', 'post_call', 'during_call', '[\"pre_call\", \"post_call\"]').","description_kind":"plain","required":true},"updated_at":{"type":"string","description":"Timestamp when the guardrail was last updated.","description_kind":"plain","computed":true}},"description":"Manages a LiteLLM guardrail. Guardrails provide content filtering, PII detection, prompt injection protection, and more.","description_kind":"plain"}},"litellm_key":{"version":0,"block":{"attributes":{"aliases":{"type":["map","string"],"description":"Model alias mappings.","description_kind":"plain","optional":true,"computed":true},"allowed_cache_controls":{"type":["list","string"],"description":"Allowed cache control values.","description_kind":"plain","optional":true,"computed":true},"allowed_passthrough_routes":{"type":["list","string"],"description":"List of allowed passthrough routes.","description_kind":"plain","optional":true,"computed":true},"allowed_routes":{"type":["list","string"],"description":"List of allowed API routes.","description_kind":"plain","optional":true,"computed":true},"blocked":{"type":"bool","description":"Whether the key is blocked.","description_kind":"plain","optional":true,"computed":true},"budget_duration":{"type":"string","description":"Budget reset duration (e.g., '30d', '1h').","description_kind":"plain","optional":true},"budget_id":{"type":"string","description":"Budget ID to associate with this key.","description_kind":"plain","optional":true},"config":{"type":["map","string"],"description":"Key-specific configuration.","description_kind":"plain","optional":true,"computed":true},"duration":{"type":"string","description":"Key validity duration.","description_kind":"plain","optional":true},"enforced_params":{"type":["list","string"],"description":"List of enforced params for this key (params that must be present in requests).","description_kind":"plain","optional":true,"computed":true},"guardrails":{"type":["list","string"],"description":"Guardrails for the key.","description_kind":"plain","optional":true,"computed":true},"id":{"type":"string","description":"The unique identifier for this key (same as key value).","description_kind":"plain","computed":true},"key":{"type":"string","description":"The API key value. If not specified, a key will be generated.","description_kind":"plain","optional":true,"computed":true,"sensitive":true},"key_alias":{"type":"string","description":"User-friendly alias for the key.","description_kind":"plain","optional":true},"max_budget":{"type":"number","description":"Maximum budget for this key.","description_kind":"plain","optional":true,"computed":true},"max_parallel_requests":{"type":"number","description":"Maximum parallel requests allowed.","description_kind":"plain","optional":true,"computed":true},"metadata":{"type":["map","string"],"description":"Metadata for the key.","description_kind":"plain","optional":true,"computed":true},"model_max_budget":{"type":["map","number"],"description":"Per-model budget limits.","description_kind":"plain","optional":true,"computed":true},"model_rpm_limit":{"type":["map","number"],"description":"Per-model RPM limits.","description_kind":"plain","optional":true,"computed":true},"model_tpm_limit":{"type":["map","number"],"description":"Per-model TPM limits.","description_kind":"plain","optional":true,"computed":true},"models":{"type":["list","string"],"description":"List of models this key can access.","description_kind":"plain","optional":true,"computed":true},"organization_id":{"type":"string","description":"Organization ID associated with this key.","description_kind":"plain","optional":true},"permissions":{"type":["map","string"],"description":"Key permissions.","description_kind":"plain","optional":true,"computed":true},"prompts":{"type":["list","string"],"description":"List of prompt IDs this key can access.","description_kind":"plain","optional":true,"computed":true},"rpm_limit":{"type":"number","description":"Requests per minute limit.","description_kind":"plain","optional":true,"computed":true},"rpm_limit_type":{"type":"string","description":"Type of RPM limit: 'key' (default) or 'team'. If 'team', RPM is shared across all keys for the team.","description_kind":"plain","optional":true},"service_account_id":{"type":"string","description":"Service account ID for team-owned keys.","description_kind":"plain","optional":true},"soft_budget":{"type":"number","description":"Soft budget limit for warnings.","description_kind":"plain","optional":true,"computed":true},"spend":{"type":"number","description":"Amount spent by this key.","description_kind":"plain","computed":true},"tags":{"type":["list","string"],"description":"Tags for the key.","description_kind":"plain","optional":true,"computed":true},"team_id":{"type":"string","description":"Team ID associated with this key.","description_kind":"plain","optional":true},"tpm_limit":{"type":"number","description":"Tokens per minute limit.","description_kind":"plain","optional":true,"computed":true},"tpm_limit_type":{"type":"string","description":"Type of TPM limit: 'key' (default) or 'team'. If 'team', TPM is shared across all keys for the team.","description_kind":"plain","optional":true},"user_id":{"type":"string","description":"User ID associated with this key.","description_kind":"plain","optional":true}},"description":"Manages a LiteLLM API key.","description_kind":"plain"}},"litellm_key_block":{"version":0,"block":{"attributes":{"blocked":{"type":"bool","description":"Whether the key is currently blocked. Always true when this resource exists.","description_kind":"plain","computed":true},"id":{"type":"string","description":"The unique identifier for this block (same as key value).","description_kind":"plain","computed":true},"key":{"type":"string","description":"The API key value to block/unblock.","description_kind":"plain","required":true,"sensitive":true}},"description":"Manages the blocked state of a LiteLLM API key. Creating this resource blocks the key; destroying it unblocks the key.","description_kind":"plain"}},"litellm_mcp_server":{"version":0,"block":{"attributes":{"alias":{"type":"string","description":"Alias for the MCP server.","description_kind":"plain","optional":true},"allow_all_keys":{"type":"bool","description":"Whether to allow all API keys to access this MCP server.","description_kind":"plain","optional":true},"allowed_tools":{"type":["list","string"],"description":"List of allowed tool names for this MCP server.","description_kind":"plain","optional":true,"computed":true},"args":{"type":["list","string"],"description":"Arguments for the command (stdio transport).","description_kind":"plain","optional":true,"computed":true},"auth_type":{"type":"string","description":"Authentication type (none, bearer, basic).","description_kind":"plain","optional":true,"computed":true},"authorization_url":{"type":"string","description":"OAuth authorization URL for the MCP server.","description_kind":"plain","optional":true},"command":{"type":"string","description":"Command to run for stdio transport.","description_kind":"plain","optional":true},"created_at":{"type":"string","description":"Timestamp when the server was created.","description_kind":"plain","computed":true},"created_by":{"type":"string","description":"User who created the server.","description_kind":"plain","computed":true},"credentials":{"type":["map","string"],"description":"Credentials map for the MCP server authentication.","description_kind":"plain","optional":true,"computed":true,"sensitive":true},"description":{"type":"string","description":"Description of the MCP server.","description_kind":"plain","optional":true},"env":{"type":["map","string"],"description":"Environment variables for the command (stdio transport).","description_kind":"plain","optional":true,"computed":true},"extra_headers":{"type":["map","string"],"description":"Extra headers to send with requests to the MCP server.","description_kind":"plain","optional":true,"computed":true},"health_check_error":{"type":"string","description":"Error message from the last health check, if any.","description_kind":"plain","computed":true},"id":{"type":"string","description":"The unique identifier for this MCP server (same as server_id).","description_kind":"plain","computed":true},"last_health_check":{"type":"string","description":"Timestamp of the last health check.","description_kind":"plain","computed":true},"mcp_access_groups":{"type":["list","string"],"description":"List of access groups for the MCP server.","description_kind":"plain","optional":true,"computed":true},"registration_url":{"type":"string","description":"OAuth registration URL for the MCP server.","description_kind":"plain","optional":true},"server_id":{"type":"string","description":"Unique identifier for the MCP server.","description_kind":"plain","computed":true},"server_name":{"type":"string","description":"Name of the MCP server.","description_kind":"plain","required":true},"spec_version":{"type":"string","description":"MCP specification version.","description_kind":"plain","optional":true,"computed":true},"static_headers":{"type":["map","string"],"description":"Static headers to always include with requests.","description_kind":"plain","optional":true,"computed":true},"status":{"type":"string","description":"Current status of the MCP server.","description_kind":"plain","computed":true},"token_url":{"type":"string","description":"OAuth token URL for the MCP server.","description_kind":"plain","optional":true},"transport":{"type":"string","description":"Transport type for the MCP server (http, sse, stdio).","description_kind":"plain","required":true},"updated_at":{"type":"string","description":"Timestamp when the server was last updated.","description_kind":"plain","computed":true},"updated_by":{"type":"string","description":"User who last updated the server.","description_kind":"plain","computed":true},"url":{"type":"string","description":"URL of the MCP server.","description_kind":"plain","required":true}},"block_types":{"mcp_info":{"nesting_mode":"single","block":{"attributes":{"description":{"type":"string","description":"Description in MCP info.","description_kind":"plain","optional":true},"logo_url":{"type":"string","description":"Logo URL for the MCP server.","description_kind":"plain","optional":true},"server_name":{"type":"string","description":"Server name in MCP info.","description_kind":"plain","optional":true}},"block_types":{"mcp_server_cost_info":{"nesting_mode":"single","block":{"attributes":{"default_cost_per_query":{"type":"number","description":"Default cost per query.","description_kind":"plain","optional":true},"tool_name_to_cost_per_query":{"type":["map","number"],"description":"Map of tool names to their cost per query.","description_kind":"plain","optional":true,"computed":true}},"description":"Cost information for MCP server tools.","description_kind":"plain"}}},"description":"MCP server information and configuration.","description_kind":"plain"}}},"description":"Manages a LiteLLM MCP (Model Context Protocol) server.","description_kind":"plain"}},"litellm_model":{"version":0,"block":{"attributes":{"access_groups":{"type":["list","string"],"description":"List of access groups this model belongs to. Teams and keys with access to these groups can use this model.","description_kind":"plain","optional":true,"computed":true},"additional_litellm_params":{"type":["map","string"],"description":"Additional parameters to pass to litellm_params.","description_kind":"plain","optional":true,"computed":true},"api_version":{"type":"string","description":"API version (e.g., for Azure OpenAI).","description_kind":"plain","optional":true},"aws_access_key_id":{"type":"string","description":"AWS access key ID for Bedrock.","description_kind":"plain","optional":true,"sensitive":true},"aws_region_name":{"type":"string","description":"AWS region name for Bedrock.","description_kind":"plain","optional":true},"aws_role_name":{"type":"string","description":"AWS role name for Bedrock.","description_kind":"plain","optional":true,"sensitive":true},"aws_secret_access_key":{"type":"string","description":"AWS secret access key for Bedrock.","description_kind":"plain","optional":true,"sensitive":true},"aws_session_name":{"type":"string","description":"AWS session name for Bedrock.","description_kind":"plain","optional":true,"sensitive":true},"base_model":{"type":"string","description":"The base model name from the provider.","description_kind":"plain","required":true},"custom_llm_provider":{"type":"string","description":"The LLM provider (e.g., openai, anthropic, bedrock).","description_kind":"plain","required":true},"id":{"type":"string","description":"The unique identifier for this model.","description_kind":"plain","computed":true},"input_cost_per_million_tokens":{"type":"number","description":"Input cost per million tokens.","description_kind":"plain","optional":true},"input_cost_per_pixel":{"type":"number","description":"Input cost per pixel.","description_kind":"plain","optional":true},"input_cost_per_second":{"type":"number","description":"Input cost per second.","description_kind":"plain","optional":true},"litellm_credential_name":{"type":"string","description":"Name of the credential to use for this model. References a credential created via litellm_credential resource.","description_kind":"plain","optional":true},"merge_reasoning_content_in_choices":{"type":"bool","description":"Merge reasoning content in choices.","description_kind":"plain","optional":true},"mode":{"type":"string","description":"Model mode. Supported values: chat, completion, embedding, audio_speech, audio_transcription, image_generation, video_generation, batch, rerank, realtime, responses, ocr, moderation.","description_kind":"plain","optional":true},"model_api_base":{"type":"string","description":"Base URL for the model API.","description_kind":"plain","optional":true},"model_api_key":{"type":"string","description":"API key for the model provider.","description_kind":"plain","optional":true,"sensitive":true},"model_name":{"type":"string","description":"The name of the model as it will appear in LiteLLM.","description_kind":"plain","required":true},"output_cost_per_million_tokens":{"type":"number","description":"Output cost per million tokens.","description_kind":"plain","optional":true},"output_cost_per_pixel":{"type":"number","description":"Output cost per pixel.","description_kind":"plain","optional":true},"output_cost_per_second":{"type":"number","description":"Output cost per second.","description_kind":"plain","optional":true},"reasoning_effort":{"type":"string","description":"Reasoning effort level (low, medium, high).","description_kind":"plain","optional":true},"rpm":{"type":"number","description":"Requests per minute limit.","description_kind":"plain","optional":true},"team_id":{"type":"string","description":"Team ID to associate with this model.","description_kind":"plain","optional":true},"thinking_budget_tokens":{"type":"number","description":"Budget tokens for thinking mode.","description_kind":"plain","optional":true,"computed":true},"thinking_enabled":{"type":"bool","description":"Enable thinking/reasoning mode.","description_kind":"plain","optional":true,"computed":true},"tier":{"type":"string","description":"Model tier (free, paid, etc.).","description_kind":"plain","optional":true,"computed":true},"tpm":{"type":"number","description":"Tokens per minute limit.","description_kind":"plain","optional":true},"vertex_credentials":{"type":"string","description":"Google Cloud credentials for Vertex AI.","description_kind":"plain","optional":true},"vertex_location":{"type":"string","description":"Google Cloud location for Vertex AI.","description_kind":"plain","optional":true,"sensitive":true},"vertex_project":{"type":"string","description":"Google Cloud project for Vertex AI.","description_kind":"plain","optional":true,"sensitive":true}},"description":"Manages a LiteLLM model deployment.","description_kind":"plain"}},"litellm_organization":{"version":0,"block":{"attributes":{"blocked":{"type":"bool","description":"Flag indicating if the org is blocked.","description_kind":"plain","optional":true,"computed":true},"budget_duration":{"type":"string","description":"Frequency of resetting org budget (e.g., '30d', '1mo').","description_kind":"plain","optional":true},"budget_id":{"type":"string","description":"The ID for a budget (tpm/rpm/max budget) for the organization.","description_kind":"plain","optional":true},"created_at":{"type":"string","description":"Timestamp when the organization was created.","description_kind":"plain","computed":true},"id":{"type":"string","description":"The unique identifier for this organization (same as organization_id).","description_kind":"plain","computed":true},"max_budget":{"type":"number","description":"Max budget for the organization.","description_kind":"plain","optional":true},"metadata":{"type":["map","string"],"description":"Metadata for the organization.","description_kind":"plain","optional":true,"computed":true},"model_rpm_limit":{"type":["map","number"],"description":"The RPM (Requests Per Minute) limit per model for this organization.","description_kind":"plain","optional":true,"computed":true},"model_tpm_limit":{"type":["map","number"],"description":"The TPM (Tokens Per Minute) limit per model for this organization.","description_kind":"plain","optional":true,"computed":true},"models":{"type":["list","string"],"description":"The models the organization has access to.","description_kind":"plain","optional":true,"computed":true},"organization_alias":{"type":"string","description":"The name/alias of the organization.","description_kind":"plain","required":true},"organization_id":{"type":"string","description":"The organization ID. If not specified, one will be generated.","description_kind":"plain","optional":true,"computed":true},"rpm_limit":{"type":"number","description":"Max RPM limit for the organization.","description_kind":"plain","optional":true},"spend":{"type":"number","description":"Amount spent by this organization.","description_kind":"plain","computed":true},"tags":{"type":["list","string"],"description":"Tags for tracking spend and/or tag-based routing.","description_kind":"plain","optional":true,"computed":true},"tpm_limit":{"type":"number","description":"Max TPM limit for the organization.","description_kind":"plain","optional":true},"updated_at":{"type":"string","description":"Timestamp when the organization was last updated.","description_kind":"plain","computed":true}},"description":"Manages a LiteLLM organization. Organizations can own teams and have org-level budgets and model access.","description_kind":"plain"}},"litellm_organization_member":{"version":0,"block":{"attributes":{"id":{"type":"string","description":"The unique identifier for this membership (organization_id:user_id).","description_kind":"plain","computed":true},"max_budget_in_organization":{"type":"number","description":"Maximum budget for this user within the organization.","description_kind":"plain","optional":true},"organization_id":{"type":"string","description":"The organization ID.","description_kind":"plain","required":true},"role":{"type":"string","description":"The role of the member in the organization.","description_kind":"plain","required":true},"user_email":{"type":"string","description":"The user email to add to the organization. Either user_id or user_email must be provided.","description_kind":"plain","optional":true},"user_id":{"type":"string","description":"The user ID to add to the organization. Either user_id or user_email must be provided.","description_kind":"plain","optional":true,"computed":true}},"description":"Manages a member of a LiteLLM organization. If the user doesn't exist, a new user row will be created.","description_kind":"plain"}},"litellm_prompt":{"version":0,"block":{"attributes":{"api_base":{"type":"string","description":"Base URL for the prompt provider API.","description_kind":"plain","optional":true},"api_key":{"type":"string","description":"API key for the prompt provider.","description_kind":"plain","optional":true,"sensitive":true},"dotprompt_content":{"type":"string","description":"Content for dotprompt integration (Firebase Genkit format).","description_kind":"plain","optional":true},"id":{"type":"string","description":"The unique identifier for this prompt (same as prompt_id).","description_kind":"plain","computed":true},"ignore_prompt_manager_model":{"type":"bool","description":"If true, ignore the model specified in the prompt manager.","description_kind":"plain","optional":true},"ignore_prompt_manager_optional_params":{"type":"bool","description":"If true, ignore optional params from the prompt manager.","description_kind":"plain","optional":true},"prompt_id":{"type":"string","description":"The unique prompt ID.","description_kind":"plain","required":true},"prompt_integration":{"type":"string","description":"The prompt integration provider (e.g., 'langfuse', 'humanloop', 'promptlayer', 'dotprompt').","description_kind":"plain","required":true},"prompt_type":{"type":"string","description":"Type of prompt: 'config' or 'db'.","description_kind":"plain","optional":true},"provider_specific_query_params":{"type":"string","description":"JSON string of provider-specific query parameters.","description_kind":"plain","optional":true}},"description":"Manages a LiteLLM prompt. Prompts allow you to manage prompt templates from external providers like Langfuse, Humanloop, etc.","description_kind":"plain"}},"litellm_search_tool":{"version":0,"block":{"attributes":{"api_base":{"type":"string","description":"Base URL for the search API.","description_kind":"plain","optional":true},"api_key":{"type":"string","description":"API key for the search provider.","description_kind":"plain","optional":true,"sensitive":true},"id":{"type":"string","description":"The unique identifier for this search tool (same as search_tool_id).","description_kind":"plain","computed":true},"max_retries":{"type":"number","description":"Maximum number of retries for failed requests.","description_kind":"plain","optional":true},"search_provider":{"type":"string","description":"The search provider to use (e.g., 'tavily', 'serper', 'bing', 'google').","description_kind":"plain","required":true},"search_tool_id":{"type":"string","description":"Unique identifier for the search tool.","description_kind":"plain","computed":true},"search_tool_info":{"type":"string","description":"Additional search tool configuration as a JSON string.","description_kind":"plain","optional":true},"search_tool_name":{"type":"string","description":"Name of the search tool.","description_kind":"plain","required":true},"timeout":{"type":"number","description":"Timeout in seconds for search requests.","description_kind":"plain","optional":true}},"description":"Manages a LiteLLM search tool configuration.","description_kind":"plain"}},"litellm_tag":{"version":0,"block":{"attributes":{"budget_duration":{"type":"string","description":"Duration for budget reset (e.g., '1hr', '1d', '28d').","description_kind":"plain","optional":true},"budget_id":{"type":"string","description":"Budget ID to associate with this tag.","description_kind":"plain","optional":true},"description":{"type":"string","description":"Description of the tag.","description_kind":"plain","optional":true},"id":{"type":"string","description":"The unique identifier for this tag (same as name).","description_kind":"plain","computed":true},"max_budget":{"type":"number","description":"Max budget in USD for this tag.","description_kind":"plain","optional":true},"max_parallel_requests":{"type":"number","description":"Max concurrent requests allowed for this tag.","description_kind":"plain","optional":true},"model_max_budget":{"type":"string","description":"JSON string for per-model budget configuration.","description_kind":"plain","optional":true},"models":{"type":["list","string"],"description":"Models associated with this tag.","description_kind":"plain","optional":true,"computed":true},"name":{"type":"string","description":"The unique name of the tag.","description_kind":"plain","required":true},"rpm_limit":{"type":"number","description":"Max requests per minute for this tag.","description_kind":"plain","optional":true},"soft_budget":{"type":"number","description":"Soft budget in USD for this tag.","description_kind":"plain","optional":true},"tpm_limit":{"type":"number","description":"Max tokens per minute for this tag.","description_kind":"plain","optional":true}},"description":"Manages a LiteLLM tag. Tags can be used for tracking spend and tag-based routing.","description_kind":"plain"}},"litellm_team":{"version":0,"block":{"attributes":{"blocked":{"type":"bool","description":"Whether the team is blocked.","description_kind":"plain","optional":true,"computed":true},"budget_duration":{"type":"string","description":"Budget reset duration.","description_kind":"plain","optional":true},"guardrails":{"type":["list","string"],"description":"Guardrails for the team.","description_kind":"plain","optional":true,"computed":true},"id":{"type":"string","description":"The unique identifier for this team.","description_kind":"plain","computed":true},"max_budget":{"type":"number","description":"Maximum budget for the team.","description_kind":"plain","optional":true},"metadata":{"type":["map","string"],"description":"Arbitrary metadata for the team.","description_kind":"plain","optional":true,"computed":true},"model_aliases":{"type":["map","string"],"description":"Model alias mappings for the team.","description_kind":"plain","optional":true,"computed":true},"model_rpm_limit":{"type":["map","number"],"description":"Per-model RPM limits for the team.","description_kind":"plain","optional":true,"computed":true},"model_tpm_limit":{"type":["map","number"],"description":"Per-model TPM limits for the team.","description_kind":"plain","optional":true,"computed":true},"models":{"type":["list","string"],"description":"List of models the team can access.","description_kind":"plain","optional":true,"computed":true},"organization_id":{"type":"string","description":"Organization ID for the team.","description_kind":"plain","optional":true},"prompts":{"type":["list","string"],"description":"List of prompt IDs the team can access.","description_kind":"plain","optional":true,"computed":true},"rpm_limit":{"type":"number","description":"Requests per minute limit for the team.","description_kind":"plain","optional":true},"rpm_limit_type":{"type":"string","description":"Type of RPM limit: 'key' or 'team'. If 'team', RPM is shared across all keys for the team.","description_kind":"plain","optional":true},"tags":{"type":["list","string"],"description":"Tags for the team (for spend tracking and routing).","description_kind":"plain","optional":true,"computed":true},"team_alias":{"type":"string","description":"User-defined team alias.","description_kind":"plain","required":true},"team_member_budget":{"type":"number","description":"Default budget for team members.","description_kind":"plain","optional":true},"team_member_permissions":{"type":["list","string"],"description":"List of permissions granted to team members.","description_kind":"plain","optional":true,"computed":true},"team_member_rpm_limit":{"type":"number","description":"Default RPM limit for team members.","description_kind":"plain","optional":true},"team_member_tpm_limit":{"type":"number","description":"Default TPM limit for team members.","description_kind":"plain","optional":true},"tpm_limit":{"type":"number","description":"Tokens per minute limit for the team.","description_kind":"plain","optional":true},"tpm_limit_type":{"type":"string","description":"Type of TPM limit: 'key' or 'team'. If 'team', TPM is shared across all keys for the team.","description_kind":"plain","optional":true}},"description":"Manages a LiteLLM team.","description_kind":"plain"}},"litellm_team_block":{"version":0,"block":{"attributes":{"blocked":{"type":"bool","description":"Whether the team is currently blocked. Always true when this resource exists.","description_kind":"plain","computed":true},"id":{"type":"string","description":"The unique identifier for this block (same as team_id).","description_kind":"plain","computed":true},"team_id":{"type":"string","description":"The team ID to block/unblock.","description_kind":"plain","required":true}},"description":"Manages the blocked state of a LiteLLM team. Creating this resource blocks the team; destroying it unblocks the team.","description_kind":"plain"}},"litellm_team_member":{"version":0,"block":{"attributes":{"id":{"type":"string","description":"Composite ID (team_id:user_id).","description_kind":"plain","computed":true},"max_budget_in_team":{"type":"number","description":"Maximum budget for this member in the team.","description_kind":"plain","optional":true},"role":{"type":"string","description":"Role in the team (org_admin, internal_user, internal_user_viewer, admin, user).","description_kind":"plain","required":true},"team_id":{"type":"string","description":"Team ID.","description_kind":"plain","required":true},"user_email":{"type":"string","description":"User email.","description_kind":"plain","required":true},"user_id":{"type":"string","description":"User ID.","description_kind":"plain","required":true}},"description":"Manages a single LiteLLM team member.","description_kind":"plain"}},"litellm_team_member_add":{"version":0,"block":{"attributes":{"id":{"type":"string","description":"Resource ID (team_id).","description_kind":"plain","computed":true},"max_budget_in_team":{"type":"number","description":"Maximum budget for members in the team.","description_kind":"plain","optional":true},"team_id":{"type":"string","description":"Team ID.","description_kind":"plain","required":true}},"block_types":{"member":{"nesting_mode":"set","block":{"attributes":{"role":{"type":"string","description":"Role (admin, user).","description_kind":"plain","required":true},"user_email":{"type":"string","description":"User email.","description_kind":"plain","optional":true},"user_id":{"type":"string","description":"User ID.","description_kind":"plain","optional":true}},"description":"Team members.","description_kind":"plain"}}},"description":"Manages multiple LiteLLM team members.","description_kind":"plain"}},"litellm_user":{"version":0,"block":{"attributes":{"auto_create_key":{"type":"bool","description":"Whether to auto-create an API key for the user. Default is true.","description_kind":"plain","optional":true,"computed":true},"budget_duration":{"type":"string","description":"Budget reset duration (e.g., '30s', '30m', '30h', '30d', '1mo').","description_kind":"plain","optional":true},"id":{"type":"string","description":"The unique identifier for this user (same as user_id).","description_kind":"plain","computed":true},"key":{"type":"string","description":"The auto-generated API key for the user (if auto_create_key is true).","description_kind":"plain","computed":true,"sensitive":true},"max_budget":{"type":"number","description":"Maximum budget for the user.","description_kind":"plain","optional":true},"metadata":{"type":["map","string"],"description":"Metadata for the user.","description_kind":"plain","optional":true,"computed":true},"models":{"type":["list","string"],"description":"Model names the user is allowed to call. Set to ['no-default-models'] to block all model access.","description_kind":"plain","optional":true,"computed":true},"rpm_limit":{"type":"number","description":"Requests per minute limit for the user.","description_kind":"plain","optional":true},"spend":{"type":"number","description":"Amount spent by this user.","description_kind":"plain","computed":true},"teams":{"type":["list","string"],"description":"List of team IDs the user belongs to.","description_kind":"plain","optional":true,"computed":true},"tpm_limit":{"type":"number","description":"Tokens per minute limit for the user.","description_kind":"plain","optional":true},"user_alias":{"type":"string","description":"A descriptive name for the user.","description_kind":"plain","optional":true},"user_email":{"type":"string","description":"The user's email address.","description_kind":"plain","optional":true},"user_id":{"type":"string","description":"The user ID. If not specified, one will be generated.","description_kind":"plain","optional":true,"computed":true},"user_role":{"type":"string","description":"The user's role: proxy_admin, proxy_admin_viewer, internal_user, internal_user_viewer, team, customer.","description_kind":"plain","optional":true}},"description":"Manages a LiteLLM internal user. Internal users can access the LiteLLM Admin UI to manage keys and request access to models.","description_kind":"plain"}},"litellm_vector_store":{"version":0,"block":{"attributes":{"created_at":{"type":"string","description":"Timestamp when the vector store was created.","description_kind":"plain","computed":true},"custom_llm_provider":{"type":"string","description":"Custom LLM provider for the vector store.","description_kind":"plain","required":true},"id":{"type":"string","description":"The unique identifier for this vector store (same as vector_store_id).","description_kind":"plain","computed":true},"litellm_credential_name":{"type":"string","description":"Name of the LiteLLM credential to use.","description_kind":"plain","optional":true},"litellm_params":{"type":["map","string"],"description":"Additional LiteLLM parameters.","description_kind":"plain","optional":true,"computed":true},"updated_at":{"type":"string","description":"Timestamp when the vector store was last updated.","description_kind":"plain","computed":true},"vector_store_description":{"type":"string","description":"Description of the vector store.","description_kind":"plain","optional":true},"vector_store_id":{"type":"string","description":"Unique identifier for the vector store.","description_kind":"plain","computed":true},"vector_store_metadata":{"type":["map","string"],"description":"Metadata associated with the vector store.","description_kind":"plain","optional":true,"computed":true},"vector_store_name":{"type":"string","description":"Name of the vector store.","description_kind":"plain","required":true}},"description":"Manages a LiteLLM vector store.","description_kind":"plain"}}},"data_source_schemas":{"litellm_access_group":{"version":0,"block":{"attributes":{"access_group":{"type":"string","description":"The access group name to look up.","description_kind":"plain","required":true},"id":{"type":"string","description":"The unique identifier for this access group.","description_kind":"plain","computed":true},"model_names":{"type":["list","string"],"description":"List of model names in this access group.","description_kind":"plain","computed":true}},"description":"Fetches information about a LiteLLM access group.","description_kind":"plain"}},"litellm_access_groups":{"version":0,"block":{"attributes":{"access_groups":{"nested_type":{"attributes":{"access_group":{"type":"string","description":"The access group name.","description_kind":"plain","computed":true},"model_names":{"type":["list","string"],"description":"List of model names in this access group.","description_kind":"plain","computed":true}},"nesting_mode":"list"},"description":"List of access groups.","description_kind":"plain","computed":true},"id":{"type":"string","description":"Placeholder identifier for this data source.","description_kind":"plain","computed":true}},"description":"Fetches a list of all LiteLLM access groups.","description_kind":"plain"}},"litellm_budget":{"version":0,"block":{"attributes":{"budget_duration":{"type":"string","description":"Duration for budget reset.","description_kind":"plain","computed":true},"budget_id":{"type":"string","description":"The budget ID to look up.","description_kind":"plain","required":true},"budget_reset_at":{"type":"string","description":"Datetime when the budget is reset.","description_kind":"plain","computed":true},"id":{"type":"string","description":"The unique identifier for this budget.","description_kind":"plain","computed":true},"max_budget":{"type":"number","description":"Max budget in USD.","description_kind":"plain","computed":true},"max_parallel_requests":{"type":"number","description":"Max concurrent requests allowed.","description_kind":"plain","computed":true},"model_max_budget":{"type":"string","description":"JSON string for per-model budget configuration.","description_kind":"plain","computed":true},"rpm_limit":{"type":"number","description":"Max requests per minute.","description_kind":"plain","computed":true},"soft_budget":{"type":"number","description":"Soft budget in USD.","description_kind":"plain","computed":true},"tpm_limit":{"type":"number","description":"Max tokens per minute.","description_kind":"plain","computed":true}},"description":"Fetches information about a LiteLLM budget.","description_kind":"plain"}},"litellm_budgets":{"version":0,"block":{"attributes":{"budgets":{"nested_type":{"attributes":{"budget_duration":{"type":"string","description":"Duration for budget reset.","description_kind":"plain","computed":true},"budget_id":{"type":"string","description":"The budget ID.","description_kind":"plain","computed":true},"max_budget":{"type":"number","description":"Max budget in USD.","description_kind":"plain","computed":true},"max_parallel_requests":{"type":"number","description":"Max concurrent requests allowed.","description_kind":"plain","computed":true},"model_max_budget":{"type":"string","description":"JSON string for per-model budget configuration.","description_kind":"plain","computed":true},"rpm_limit":{"type":"number","description":"Max requests per minute.","description_kind":"plain","computed":true},"soft_budget":{"type":"number","description":"Soft budget in USD.","description_kind":"plain","computed":true},"tpm_limit":{"type":"number","description":"Max tokens per minute.","description_kind":"plain","computed":true}},"nesting_mode":"list"},"description":"List of budgets.","description_kind":"plain","computed":true},"id":{"type":"string","description":"Placeholder identifier for this data source.","description_kind":"plain","computed":true}},"description":"Fetches a list of all LiteLLM budgets.","description_kind":"plain"}},"litellm_credential":{"version":0,"block":{"attributes":{"credential_info":{"type":["map","string"],"description":"Additional information about the credential.","description_kind":"plain","computed":true},"credential_name":{"type":"string","description":"Name of the credential to retrieve.","description_kind":"plain","required":true},"id":{"type":"string","description":"The unique identifier for this credential (same as credential_name).","description_kind":"plain","computed":true},"model_id":{"type":"string","description":"Model ID associated with this credential.","description_kind":"plain","optional":true}},"description":"Retrieves information about a LiteLLM credential.","description_kind":"plain"}},"litellm_guardrail":{"version":0,"block":{"attributes":{"created_at":{"type":"string","description":"Timestamp when the guardrail was created.","description_kind":"plain","computed":true},"default_on":{"type":"bool","description":"Whether the guardrail is enabled by default.","description_kind":"plain","computed":true},"guardrail":{"type":"string","description":"The guardrail integration type.","description_kind":"plain","computed":true},"guardrail_id":{"type":"string","description":"The guardrail ID to look up.","description_kind":"plain","required":true},"guardrail_info":{"type":"string","description":"JSON string containing additional metadata.","description_kind":"plain","computed":true},"guardrail_name":{"type":"string","description":"Human-readable name for the guardrail.","description_kind":"plain","computed":true},"id":{"type":"string","description":"The unique identifier for this guardrail.","description_kind":"plain","computed":true},"litellm_params":{"type":"string","description":"JSON string containing additional provider-specific parameters.","description_kind":"plain","computed":true},"mode":{"type":"string","description":"When to apply the guardrail (pre_call, post_call, during_call, or JSON array).","description_kind":"plain","computed":true},"updated_at":{"type":"string","description":"Timestamp when the guardrail was last updated.","description_kind":"plain","computed":true}},"description":"Fetches information about a LiteLLM guardrail.","description_kind":"plain"}},"litellm_guardrails":{"version":0,"block":{"attributes":{"guardrails":{"nested_type":{"attributes":{"created_at":{"type":"string","description":"Timestamp when the guardrail was created.","description_kind":"plain","computed":true},"default_on":{"type":"bool","description":"Whether the guardrail is enabled by default.","description_kind":"plain","computed":true},"guardrail":{"type":"string","description":"The guardrail integration type.","description_kind":"plain","computed":true},"guardrail_id":{"type":"string","description":"The guardrail ID.","description_kind":"plain","computed":true},"guardrail_name":{"type":"string","description":"Human-readable name for the guardrail.","description_kind":"plain","computed":true},"litellm_params":{"type":"string","description":"JSON string containing additional provider-specific parameters.","description_kind":"plain","computed":true},"mode":{"type":"string","description":"When to apply the guardrail.","description_kind":"plain","computed":true},"updated_at":{"type":"string","description":"Timestamp when the guardrail was last updated.","description_kind":"plain","computed":true}},"nesting_mode":"list"},"description":"List of guardrails.","description_kind":"plain","computed":true},"id":{"type":"string","description":"Placeholder identifier for this data source.","description_kind":"plain","computed":true}},"description":"Fetches a list of all LiteLLM guardrails.","description_kind":"plain"}},"litellm_key":{"version":0,"block":{"attributes":{"blocked":{"type":"bool","description":"Whether the key is blocked.","description_kind":"plain","computed":true},"budget_duration":{"type":"string","description":"Budget reset duration.","description_kind":"plain","computed":true},"id":{"type":"string","description":"The unique identifier for this key.","description_kind":"plain","computed":true},"key":{"type":"string","description":"The API key value to look up.","description_kind":"plain","required":true,"sensitive":true},"key_alias":{"type":"string","description":"User-friendly alias for the key.","description_kind":"plain","computed":true},"max_budget":{"type":"number","description":"Maximum budget for this key.","description_kind":"plain","computed":true},"max_parallel_requests":{"type":"number","description":"Maximum parallel requests allowed.","description_kind":"plain","computed":true},"metadata":{"type":["map","string"],"description":"Metadata for the key.","description_kind":"plain","computed":true},"models":{"type":["list","string"],"description":"List of models this key can access.","description_kind":"plain","computed":true},"rpm_limit":{"type":"number","description":"Requests per minute limit.","description_kind":"plain","computed":true},"soft_budget":{"type":"number","description":"Soft budget limit for warnings.","description_kind":"plain","computed":true},"spend":{"type":"number","description":"Amount spent by this key.","description_kind":"plain","computed":true},"tags":{"type":["list","string"],"description":"Tags for the key.","description_kind":"plain","computed":true},"team_id":{"type":"string","description":"Team ID associated with this key.","description_kind":"plain","computed":true},"tpm_limit":{"type":"number","description":"Tokens per minute limit.","description_kind":"plain","computed":true},"user_id":{"type":"string","description":"User ID associated with this key.","description_kind":"plain","computed":true}},"description":"Retrieves information about a LiteLLM API key.","description_kind":"plain"}},"litellm_keys":{"version":0,"block":{"attributes":{"id":{"type":"string","description":"Placeholder identifier.","description_kind":"plain","computed":true},"keys":{"nested_type":{"attributes":{"blocked":{"type":"bool","description":"Whether the key is blocked.","description_kind":"plain","computed":true},"key_alias":{"type":"string","description":"User-friendly alias for the key.","description_kind":"plain","computed":true},"key_name":{"type":"string","description":"The hashed key name (not the actual key value).","description_kind":"plain","computed":true},"max_budget":{"type":"number","description":"Maximum budget for this key.","description_kind":"plain","computed":true},"rpm_limit":{"type":"number","description":"Requests per minute limit.","description_kind":"plain","computed":true},"spend":{"type":"number","description":"Amount spent by this key.","description_kind":"plain","computed":true},"team_id":{"type":"string","description":"Team ID associated with this key.","description_kind":"plain","computed":true},"tpm_limit":{"type":"number","description":"Tokens per minute limit.","description_kind":"plain","computed":true},"user_id":{"type":"string","description":"User ID associated with this key.","description_kind":"plain","computed":true}},"nesting_mode":"list"},"description":"List of keys.","description_kind":"plain","computed":true},"team_id":{"type":"string","description":"Optional team ID to filter keys by team.","description_kind":"plain","optional":true},"user_id":{"type":"string","description":"Optional user ID to filter keys by user.","description_kind":"plain","optional":true}},"description":"Retrieves a list of LiteLLM API keys.","description_kind":"plain"}},"litellm_mcp_server":{"version":0,"block":{"attributes":{"alias":{"type":"string","description":"Alias for the MCP server.","description_kind":"plain","computed":true},"allow_all_keys":{"type":"bool","description":"Whether all API keys are allowed to access this MCP server.","description_kind":"plain","computed":true},"allowed_tools":{"type":["list","string"],"description":"List of allowed tool names for this MCP server.","description_kind":"plain","computed":true},"args":{"type":["list","string"],"description":"Arguments for the command (stdio transport).","description_kind":"plain","computed":true},"auth_type":{"type":"string","description":"Authentication type (none, bearer, basic).","description_kind":"plain","computed":true},"authorization_url":{"type":"string","description":"OAuth authorization URL for the MCP server.","description_kind":"plain","computed":true},"command":{"type":"string","description":"Command to run for stdio transport.","description_kind":"plain","computed":true},"created_at":{"type":"string","description":"Timestamp when the server was created.","description_kind":"plain","computed":true},"created_by":{"type":"string","description":"User who created the server.","description_kind":"plain","computed":true},"description":{"type":"string","description":"Description of the MCP server.","description_kind":"plain","computed":true},"env":{"type":["map","string"],"description":"Environment variables for the command (stdio transport).","description_kind":"plain","computed":true},"extra_headers":{"type":["map","string"],"description":"Extra headers to send with requests to the MCP server.","description_kind":"plain","computed":true},"health_check_error":{"type":"string","description":"Error message from the last health check, if any.","description_kind":"plain","computed":true},"id":{"type":"string","description":"The unique identifier for this MCP server (same as server_id).","description_kind":"plain","computed":true},"last_health_check":{"type":"string","description":"Timestamp of the last health check.","description_kind":"plain","computed":true},"mcp_access_groups":{"type":["list","string"],"description":"List of access groups for the MCP server.","description_kind":"plain","computed":true},"registration_url":{"type":"string","description":"OAuth registration URL for the MCP server.","description_kind":"plain","computed":true},"server_id":{"type":"string","description":"Unique identifier for the MCP server.","description_kind":"plain","required":true},"server_name":{"type":"string","description":"Name of the MCP server.","description_kind":"plain","computed":true},"spec_version":{"type":"string","description":"MCP specification version.","description_kind":"plain","computed":true},"static_headers":{"type":["map","string"],"description":"Static headers to always include with requests.","description_kind":"plain","computed":true},"status":{"type":"string","description":"Current status of the MCP server.","description_kind":"plain","computed":true},"token_url":{"type":"string","description":"OAuth token URL for the MCP server.","description_kind":"plain","computed":true},"transport":{"type":"string","description":"Transport type for the MCP server (http, sse, stdio).","description_kind":"plain","computed":true},"updated_at":{"type":"string","description":"Timestamp when the server was last updated.","description_kind":"plain","computed":true},"updated_by":{"type":"string","description":"User who last updated the server.","description_kind":"plain","computed":true},"url":{"type":"string","description":"URL of the MCP server.","description_kind":"plain","computed":true}},"description":"Retrieves information about a LiteLLM MCP (Model Context Protocol) server.","description_kind":"plain"}},"litellm_mcp_servers":{"version":0,"block":{"attributes":{"id":{"type":"string","description":"Placeholder identifier.","description_kind":"plain","computed":true},"mcp_servers":{"nested_type":{"attributes":{"alias":{"type":"string","description":"Alias for the MCP server.","description_kind":"plain","computed":true},"allow_all_keys":{"type":"bool","description":"Whether all API keys are allowed to access this MCP server.","description_kind":"plain","computed":true},"auth_type":{"type":"string","description":"Authentication type (none, bearer, basic).","description_kind":"plain","computed":true},"created_at":{"type":"string","description":"Timestamp when the server was created.","description_kind":"plain","computed":true},"description":{"type":"string","description":"Description of the MCP server.","description_kind":"plain","computed":true},"server_id":{"type":"string","description":"The unique identifier for this MCP server.","description_kind":"plain","computed":true},"server_name":{"type":"string","description":"Name of the MCP server.","description_kind":"plain","computed":true},"spec_version":{"type":"string","description":"MCP specification version.","description_kind":"plain","computed":true},"status":{"type":"string","description":"Current status of the MCP server.","description_kind":"plain","computed":true},"transport":{"type":"string","description":"Transport type for the MCP server (http, sse, stdio).","description_kind":"plain","computed":true},"updated_at":{"type":"string","description":"Timestamp when the server was last updated.","description_kind":"plain","computed":true},"url":{"type":"string","description":"URL of the MCP server.","description_kind":"plain","computed":true}},"nesting_mode":"list"},"description":"List of MCP servers.","description_kind":"plain","computed":true}},"description":"Retrieves a list of LiteLLM MCP (Model Context Protocol) servers.","description_kind":"plain"}},"litellm_model":{"version":0,"block":{"attributes":{"api_version":{"type":"string","description":"API version (e.g., for Azure OpenAI).","description_kind":"plain","computed":true},"aws_region_name":{"type":"string","description":"AWS region name for Bedrock.","description_kind":"plain","computed":true},"base_model":{"type":"string","description":"The base model name from the provider.","description_kind":"plain","computed":true},"custom_llm_provider":{"type":"string","description":"The LLM provider (e.g., openai, anthropic, bedrock).","description_kind":"plain","computed":true},"id":{"type":"string","description":"The unique identifier for this model.","description_kind":"plain","computed":true},"mode":{"type":"string","description":"Model mode (completion, embedding, image_generation, chat, etc.).","description_kind":"plain","computed":true},"model_api_base":{"type":"string","description":"Base URL for the model API.","description_kind":"plain","computed":true},"model_id":{"type":"string","description":"The model ID to look up (litellm_model_id).","description_kind":"plain","required":true},"model_name":{"type":"string","description":"The name of the model as it appears in LiteLLM.","description_kind":"plain","computed":true},"rpm":{"type":"number","description":"Requests per minute limit.","description_kind":"plain","computed":true},"team_id":{"type":"string","description":"Team ID associated with this model.","description_kind":"plain","computed":true},"tier":{"type":"string","description":"Model tier (free, paid, etc.).","description_kind":"plain","computed":true},"tpm":{"type":"number","description":"Tokens per minute limit.","description_kind":"plain","computed":true}},"description":"Retrieves information about a LiteLLM model.","description_kind":"plain"}},"litellm_models":{"version":0,"block":{"attributes":{"id":{"type":"string","description":"Placeholder identifier.","description_kind":"plain","computed":true},"models":{"nested_type":{"attributes":{"base_model":{"type":"string","description":"The base model name.","description_kind":"plain","computed":true},"custom_llm_provider":{"type":"string","description":"The LLM provider.","description_kind":"plain","computed":true},"id":{"type":"string","description":"The unique identifier for this model.","description_kind":"plain","computed":true},"mode":{"type":"string","description":"Model mode.","description_kind":"plain","computed":true},"model_name":{"type":"string","description":"The name of the model.","description_kind":"plain","computed":true},"team_id":{"type":"string","description":"Team ID associated with this model.","description_kind":"plain","computed":true},"tier":{"type":"string","description":"Model tier.","description_kind":"plain","computed":true}},"nesting_mode":"list"},"description":"List of models.","description_kind":"plain","computed":true},"team_id":{"type":"string","description":"Optional team ID to filter models by team.","description_kind":"plain","optional":true}},"description":"Retrieves a list of all LiteLLM models.","description_kind":"plain"}},"litellm_organization":{"version":0,"block":{"attributes":{"blocked":{"type":"bool","description":"Flag indicating if the org is blocked.","description_kind":"plain","computed":true},"budget_duration":{"type":"string","description":"Frequency of resetting org budget.","description_kind":"plain","computed":true},"budget_id":{"type":"string","description":"The ID for a budget for the organization.","description_kind":"plain","computed":true},"created_at":{"type":"string","description":"Timestamp when the organization was created.","description_kind":"plain","computed":true},"id":{"type":"string","description":"The unique identifier for this organization.","description_kind":"plain","computed":true},"max_budget":{"type":"number","description":"Max budget for the organization.","description_kind":"plain","computed":true},"metadata":{"type":["map","string"],"description":"Metadata for the organization.","description_kind":"plain","computed":true},"models":{"type":["list","string"],"description":"The models the organization has access to.","description_kind":"plain","computed":true},"organization_alias":{"type":"string","description":"The name/alias of the organization.","description_kind":"plain","computed":true},"organization_id":{"type":"string","description":"The organization ID to look up.","description_kind":"plain","required":true},"rpm_limit":{"type":"number","description":"Max RPM limit for the organization.","description_kind":"plain","computed":true},"spend":{"type":"number","description":"Amount spent by this organization.","description_kind":"plain","computed":true},"tags":{"type":["list","string"],"description":"Tags for the organization.","description_kind":"plain","computed":true},"tpm_limit":{"type":"number","description":"Max TPM limit for the organization.","description_kind":"plain","computed":true},"updated_at":{"type":"string","description":"Timestamp when the organization was last updated.","description_kind":"plain","computed":true}},"description":"Retrieves information about a LiteLLM organization.","description_kind":"plain"}},"litellm_organizations":{"version":0,"block":{"attributes":{"id":{"type":"string","description":"Placeholder identifier.","description_kind":"plain","computed":true},"org_alias":{"type":"string","description":"Optional organization alias to filter by (partial match, case-insensitive).","description_kind":"plain","optional":true},"organizations":{"nested_type":{"attributes":{"blocked":{"type":"bool","description":"Flag indicating if the org is blocked.","description_kind":"plain","computed":true},"max_budget":{"type":"number","description":"Max budget for the organization.","description_kind":"plain","computed":true},"organization_alias":{"type":"string","description":"The name/alias of the organization.","description_kind":"plain","computed":true},"organization_id":{"type":"string","description":"The unique identifier for this organization.","description_kind":"plain","computed":true},"rpm_limit":{"type":"number","description":"Max RPM limit for the organization.","description_kind":"plain","computed":true},"spend":{"type":"number","description":"Amount spent by this organization.","description_kind":"plain","computed":true},"tpm_limit":{"type":"number","description":"Max TPM limit for the organization.","description_kind":"plain","computed":true}},"nesting_mode":"list"},"description":"List of organizations.","description_kind":"plain","computed":true}},"description":"Retrieves a list of LiteLLM organizations.","description_kind":"plain"}},"litellm_prompt":{"version":0,"block":{"attributes":{"api_base":{"type":"string","description":"Base URL for the prompt provider API.","description_kind":"plain","computed":true},"dotprompt_content":{"type":"string","description":"Content for dotprompt integration.","description_kind":"plain","computed":true},"id":{"type":"string","description":"The unique identifier for this prompt.","description_kind":"plain","computed":true},"ignore_prompt_manager_model":{"type":"bool","description":"If true, ignore the model specified in the prompt manager.","description_kind":"plain","computed":true},"ignore_prompt_manager_optional_params":{"type":"bool","description":"If true, ignore optional params from the prompt manager.","description_kind":"plain","computed":true},"prompt_id":{"type":"string","description":"The prompt ID to look up.","description_kind":"plain","required":true},"prompt_integration":{"type":"string","description":"The prompt integration provider.","description_kind":"plain","computed":true},"prompt_type":{"type":"string","description":"Type of prompt: 'config' or 'db'.","description_kind":"plain","computed":true},"provider_specific_query_params":{"type":"string","description":"JSON string of provider-specific query parameters.","description_kind":"plain","computed":true}},"description":"Fetches information about a LiteLLM prompt.","description_kind":"plain"}},"litellm_prompts":{"version":0,"block":{"attributes":{"id":{"type":"string","description":"Placeholder identifier for this data source.","description_kind":"plain","computed":true},"prompts":{"nested_type":{"attributes":{"api_base":{"type":"string","description":"Base URL for the prompt provider API.","description_kind":"plain","computed":true},"ignore_prompt_manager_model":{"type":"bool","description":"If true, ignore the model specified in the prompt manager.","description_kind":"plain","computed":true},"ignore_prompt_manager_optional_params":{"type":"bool","description":"If true, ignore optional params from the prompt manager.","description_kind":"plain","computed":true},"prompt_id":{"type":"string","description":"The prompt ID.","description_kind":"plain","computed":true},"prompt_integration":{"type":"string","description":"The prompt integration provider.","description_kind":"plain","computed":true},"prompt_type":{"type":"string","description":"Type of prompt: 'config' or 'db'.","description_kind":"plain","computed":true},"provider_specific_query_params":{"type":"string","description":"JSON string of provider-specific query parameters.","description_kind":"plain","computed":true}},"nesting_mode":"list"},"description":"List of prompts.","description_kind":"plain","computed":true}},"description":"Fetches a list of all LiteLLM prompts.","description_kind":"plain"}},"litellm_search_tool":{"version":0,"block":{"attributes":{"api_base":{"type":"string","description":"Base URL for the search API.","description_kind":"plain","computed":true},"id":{"type":"string","description":"The unique identifier for this search tool (same as search_tool_id).","description_kind":"plain","computed":true},"max_retries":{"type":"number","description":"Maximum number of retries for failed requests.","description_kind":"plain","computed":true},"search_provider":{"type":"string","description":"The search provider used (e.g., 'tavily', 'serper', 'bing', 'google').","description_kind":"plain","computed":true},"search_tool_id":{"type":"string","description":"Unique identifier for the search tool.","description_kind":"plain","required":true},"search_tool_info":{"type":"string","description":"Additional search tool configuration as a JSON string.","description_kind":"plain","computed":true},"search_tool_name":{"type":"string","description":"Name of the search tool.","description_kind":"plain","computed":true},"timeout":{"type":"number","description":"Timeout in seconds for search requests.","description_kind":"plain","computed":true}},"description":"Retrieves information about a LiteLLM search tool.","description_kind":"plain"}},"litellm_search_tools":{"version":0,"block":{"attributes":{"id":{"type":"string","description":"Placeholder identifier.","description_kind":"plain","computed":true},"search_tools":{"nested_type":{"attributes":{"api_base":{"type":"string","description":"Base URL for the search API.","description_kind":"plain","computed":true},"max_retries":{"type":"number","description":"Maximum number of retries for failed requests.","description_kind":"plain","computed":true},"search_provider":{"type":"string","description":"The search provider used.","description_kind":"plain","computed":true},"search_tool_id":{"type":"string","description":"The unique identifier for this search tool.","description_kind":"plain","computed":true},"search_tool_name":{"type":"string","description":"Name of the search tool.","description_kind":"plain","computed":true},"timeout":{"type":"number","description":"Timeout in seconds for search requests.","description_kind":"plain","computed":true}},"nesting_mode":"list"},"description":"List of search tools.","description_kind":"plain","computed":true}},"description":"Retrieves a list of LiteLLM search tools.","description_kind":"plain"}},"litellm_tag":{"version":0,"block":{"attributes":{"budget_duration":{"type":"string","description":"Duration for budget reset.","description_kind":"plain","computed":true},"budget_id":{"type":"string","description":"Budget ID associated with this tag.","description_kind":"plain","computed":true},"description":{"type":"string","description":"Description of the tag.","description_kind":"plain","computed":true},"id":{"type":"string","description":"The unique identifier for this tag.","description_kind":"plain","computed":true},"max_budget":{"type":"number","description":"Max budget in USD.","description_kind":"plain","computed":true},"max_parallel_requests":{"type":"number","description":"Max concurrent requests allowed.","description_kind":"plain","computed":true},"model_max_budget":{"type":"string","description":"JSON string for per-model budget configuration.","description_kind":"plain","computed":true},"models":{"type":["list","string"],"description":"Models associated with this tag.","description_kind":"plain","computed":true},"name":{"type":"string","description":"The tag name to look up.","description_kind":"plain","required":true},"rpm_limit":{"type":"number","description":"Max requests per minute.","description_kind":"plain","computed":true},"soft_budget":{"type":"number","description":"Soft budget in USD.","description_kind":"plain","computed":true},"tpm_limit":{"type":"number","description":"Max tokens per minute.","description_kind":"plain","computed":true}},"description":"Fetches information about a LiteLLM tag.","description_kind":"plain"}},"litellm_tags":{"version":0,"block":{"attributes":{"id":{"type":"string","description":"Placeholder identifier for this data source.","description_kind":"plain","computed":true},"tags":{"nested_type":{"attributes":{"budget_duration":{"type":"string","description":"Duration for budget reset.","description_kind":"plain","computed":true},"budget_id":{"type":"string","description":"Budget ID associated with this tag.","description_kind":"plain","computed":true},"description":{"type":"string","description":"Description of the tag.","description_kind":"plain","computed":true},"max_budget":{"type":"number","description":"Max budget in USD.","description_kind":"plain","computed":true},"max_parallel_requests":{"type":"number","description":"Max concurrent requests allowed.","description_kind":"plain","computed":true},"model_max_budget":{"type":"string","description":"JSON string for per-model budget configuration.","description_kind":"plain","computed":true},"models":{"type":["list","string"],"description":"Models associated with this tag.","description_kind":"plain","computed":true},"name":{"type":"string","description":"The tag name.","description_kind":"plain","computed":true},"rpm_limit":{"type":"number","description":"Max requests per minute.","description_kind":"plain","computed":true},"soft_budget":{"type":"number","description":"Soft budget in USD.","description_kind":"plain","computed":true},"tpm_limit":{"type":"number","description":"Max tokens per minute.","description_kind":"plain","computed":true}},"nesting_mode":"list"},"description":"List of tags.","description_kind":"plain","computed":true}},"description":"Fetches a list of all LiteLLM tags.","description_kind":"plain"}},"litellm_team":{"version":0,"block":{"attributes":{"blocked":{"type":"bool","description":"Whether the team is blocked.","description_kind":"plain","computed":true},"budget_duration":{"type":"string","description":"Budget reset duration.","description_kind":"plain","computed":true},"id":{"type":"string","description":"The unique identifier for this team.","description_kind":"plain","computed":true},"max_budget":{"type":"number","description":"Maximum budget for the team.","description_kind":"plain","computed":true},"metadata":{"type":["map","string"],"description":"Arbitrary metadata for the team.","description_kind":"plain","computed":true},"models":{"type":["list","string"],"description":"List of models the team can access.","description_kind":"plain","computed":true},"organization_id":{"type":"string","description":"Organization ID for the team.","description_kind":"plain","computed":true},"rpm_limit":{"type":"number","description":"Requests per minute limit for the team.","description_kind":"plain","computed":true},"spend":{"type":"number","description":"Amount spent by this team.","description_kind":"plain","computed":true},"team_alias":{"type":"string","description":"User-defined team alias.","description_kind":"plain","computed":true},"team_id":{"type":"string","description":"The team ID to look up.","description_kind":"plain","required":true},"team_member_permissions":{"type":["list","string"],"description":"List of permissions granted to team members.","description_kind":"plain","computed":true},"tpm_limit":{"type":"number","description":"Tokens per minute limit for the team.","description_kind":"plain","computed":true}},"description":"Retrieves information about a LiteLLM team.","description_kind":"plain"}},"litellm_teams":{"version":0,"block":{"attributes":{"id":{"type":"string","description":"Placeholder identifier.","description_kind":"plain","computed":true},"organization_id":{"type":"string","description":"Optional organization ID to filter teams.","description_kind":"plain","optional":true},"teams":{"nested_type":{"attributes":{"blocked":{"type":"bool","description":"Whether the team is blocked.","description_kind":"plain","computed":true},"max_budget":{"type":"number","description":"Maximum budget for the team.","description_kind":"plain","computed":true},"organization_id":{"type":"string","description":"Organization ID for the team.","description_kind":"plain","computed":true},"rpm_limit":{"type":"number","description":"Requests per minute limit for the team.","description_kind":"plain","computed":true},"spend":{"type":"number","description":"Amount spent by this team.","description_kind":"plain","computed":true},"team_alias":{"type":"string","description":"User-defined team alias.","description_kind":"plain","computed":true},"team_id":{"type":"string","description":"The unique identifier for this team.","description_kind":"plain","computed":true},"tpm_limit":{"type":"number","description":"Tokens per minute limit for the team.","description_kind":"plain","computed":true}},"nesting_mode":"list"},"description":"List of teams.","description_kind":"plain","computed":true}},"description":"Retrieves a list of LiteLLM teams.","description_kind":"plain"}},"litellm_user":{"version":0,"block":{"attributes":{"budget_duration":{"type":"string","description":"Budget reset duration.","description_kind":"plain","computed":true},"id":{"type":"string","description":"The unique identifier for this user.","description_kind":"plain","computed":true},"max_budget":{"type":"number","description":"Maximum budget for the user.","description_kind":"plain","computed":true},"metadata":{"type":["map","string"],"description":"Metadata for the user.","description_kind":"plain","computed":true},"models":{"type":["list","string"],"description":"Model names the user is allowed to call.","description_kind":"plain","computed":true},"rpm_limit":{"type":"number","description":"Requests per minute limit for the user.","description_kind":"plain","computed":true},"spend":{"type":"number","description":"Amount spent by this user.","description_kind":"plain","computed":true},"teams":{"type":["list","string"],"description":"List of team IDs the user belongs to.","description_kind":"plain","computed":true},"tpm_limit":{"type":"number","description":"Tokens per minute limit for the user.","description_kind":"plain","computed":true},"user_alias":{"type":"string","description":"A descriptive name for the user.","description_kind":"plain","computed":true},"user_email":{"type":"string","description":"The user's email address.","description_kind":"plain","computed":true},"user_id":{"type":"string","description":"The user ID to look up.","description_kind":"plain","required":true},"user_role":{"type":"string","description":"The user's role.","description_kind":"plain","computed":true}},"description":"Retrieves information about a LiteLLM user.","description_kind":"plain"}},"litellm_users":{"version":0,"block":{"attributes":{"id":{"type":"string","description":"Placeholder identifier.","description_kind":"plain","computed":true},"user_role":{"type":"string","description":"Optional user role to filter by.","description_kind":"plain","optional":true},"users":{"nested_type":{"attributes":{"max_budget":{"type":"number","description":"Maximum budget for the user.","description_kind":"plain","computed":true},"rpm_limit":{"type":"number","description":"Requests per minute limit for the user.","description_kind":"plain","computed":true},"spend":{"type":"number","description":"Amount spent by this user.","description_kind":"plain","computed":true},"tpm_limit":{"type":"number","description":"Tokens per minute limit for the user.","description_kind":"plain","computed":true},"user_alias":{"type":"string","description":"A descriptive name for the user.","description_kind":"plain","computed":true},"user_email":{"type":"string","description":"The user's email address.","description_kind":"plain","computed":true},"user_id":{"type":"string","description":"The unique identifier for this user.","description_kind":"plain","computed":true},"user_role":{"type":"string","description":"The user's role.","description_kind":"plain","computed":true}},"nesting_mode":"list"},"description":"List of users.","description_kind":"plain","computed":true}},"description":"Retrieves a list of LiteLLM users.","description_kind":"plain"}},"litellm_vector_store":{"version":0,"block":{"attributes":{"created_at":{"type":"string","description":"Timestamp when the vector store was created.","description_kind":"plain","computed":true},"custom_llm_provider":{"type":"string","description":"Custom LLM provider for the vector store.","description_kind":"plain","computed":true},"id":{"type":"string","description":"The unique identifier for this vector store (same as vector_store_id).","description_kind":"plain","computed":true},"litellm_credential_name":{"type":"string","description":"Name of the LiteLLM credential used.","description_kind":"plain","computed":true},"litellm_params":{"type":["map","string"],"description":"Additional LiteLLM parameters.","description_kind":"plain","computed":true},"updated_at":{"type":"string","description":"Timestamp when the vector store was last updated.","description_kind":"plain","computed":true},"vector_store_description":{"type":"string","description":"Description of the vector store.","description_kind":"plain","computed":true},"vector_store_id":{"type":"string","description":"Unique identifier for the vector store to retrieve.","description_kind":"plain","required":true},"vector_store_metadata":{"type":["map","string"],"description":"Metadata associated with the vector store.","description_kind":"plain","computed":true},"vector_store_name":{"type":"string","description":"Name of the vector store.","description_kind":"plain","computed":true}},"description":"Retrieves information about a LiteLLM vector store.","description_kind":"plain"}}}}}}
